
Microsoft Visual Studio Solution File, Format Version 12.00
# Visual Studio 14
VisualStudioVersion = 14.0.25420.1
MinimumVisualStudioVersion = 10.0.40219.1
Project("{8BC9CEB8-8B4A-11D0-8D11-00A0C91BC942}") = "cmdex.console", "cmdex.console\cmdex.console.vcxproj", "{4E1313A5-9ED8-412A-8901-6E3C0B4AC173}"
	ProjectSection(ProjectDependencies) = postProject
		{68C7611A-23FF-4176-9DEC-80D237A0A967} = {68C7611A-23FF-4176-9DEC-80D237A0A967}
	EndProjectSection
EndProject
Project("{8BC9CEB8-8B4A-11D0-8D11-00A0C91BC942}") = "cmdex.dlx", "cmdex.dlx\cmdex.dlx.vcxproj", "{6FE327B7-6FAB-42E3-9241-C8881DC1FA29}"
	ProjectSection(ProjectDependencies) = postProject
		{68C7611A-23FF-4176-9DEC-80D237A0A967} = {68C7611A-23FF-4176-9DEC-80D237A0A967}
	EndProjectSection
EndProject
Project("{8BC9CEB8-8B4A-11D0-8D11-00A0C91BC942}") = "cmdex", "cmdex\cmdex.vcxproj", "{68C7611A-23FF-4176-9DEC-80D237A0A967}"
EndProject
Global
	GlobalSection(SolutionConfigurationPlatforms) = preSolution
		Debug|x64 = Debug|x64
		Release|x64 = Release|x64
	EndGlobalSection
	GlobalSection(ProjectConfigurationPlatforms) = postSolution
		{4E1313A5-9ED8-412A-8901-6E3C0B4AC173}.Debug|x64.ActiveCfg = Debug|x64
		{4E1313A5-9ED8-412A-8901-6E3C0B4AC173}.Debug|x64.Build.0 = Debug|x64
		{4E1313A5-9ED8-412A-8901-6E3C0B4AC173}.Release|x64.ActiveCfg = Release|x64
		{4E1313A5-9ED8-412A-8901-6E3C0B4AC173}.Release|x64.Build.0 = Release|x64
		{6FE327B7-6FAB-42E3-9241-C8881DC1FA29}.Debug|x64.ActiveCfg = Debug|x64
		{6FE327B7-6FAB-42E3-9241-C8881DC1FA29}.Debug|x64.Build.0 = Debug|x64
		{6FE327B7-6FAB-42E3-9241-C8881DC1FA29}.Release|x64.ActiveCfg = Release|x64
		{6FE327B7-6FAB-42E3-9241-C8881DC1FA29}.Release|x64.Build.0 = Release|x64
		{68C7611A-23FF-4176-9DEC-80D237A0A967}.Debug|x64.ActiveCfg = Debug|x64
		{68C7611A-23FF-4176-9DEC-80D237A0A967}.Debug|x64.Build.0 = Debug|x64
		{68C7611A-23FF-4176-9DEC-80D237A0A967}.Release|x64.ActiveCfg = Release|x64
		{68C7611A-23FF-4176-9DEC-80D237A0A967}.Release|x64.Build.0 = Release|x64
	EndGlobalSection
	GlobalSection(SolutionProperties) = preSolution
		HideSolutionNode = FALSE
	EndGlobalSection
EndGlobal
